{
  "version": "v1",
  "packages": {
    "@xdn/cli": {
      "signature": "a25058cad4cd4219ab8368116ac341bc",
      "file": true,
      "replaced": "^2.30.1"
    },
    "@xdn/core": {
      "signature": "8e288ea342e09dbbcbb15636d4080675",
      "file": true,
      "replaced": "^2.30.1"
    },
    "@xdn/devtools": {
      "signature": "c3df2e1905d259e42c098f2119781562",
      "file": true,
      "replaced": "^2.30.1"
    },
    "@xdn/next": {
      "signature": "925c98b923ce47cc640e11be165d0df1",
      "file": true,
      "replaced": "^2.30.1"
    },
    "@xdn/react": {
      "signature": "24ffa71464f93a077557771ffb4f3ac3",
      "file": true,
      "replaced": "^2.30.1"
    },
    "@xdn/prefetch": {
      "signature": "ab3f5fbc9709849dd708b3a81b55f46c",
      "file": true,
      "replaced": "^2.30.1"
    }
  }
}